
Microsoft Visual Studio Solution File, Format Version 12.00
# Visual Studio Version 17
VisualStudioVersion = 17.9.34902.65
MinimumVisualStudioVersion = 10.0.40219.1
Project("{9A19103F-16F7-4668-BE54-9A1E7A4F7556}") = "Lunamy", "Lunamy.csproj", "{6570EC17-6C2A-41F1-9F6D-35ED3EE3141B}"
	ProjectSection(ProjectDependencies) = postProject
		{53FC4BF0-2899-4B49-BF59-10B1BAB7BF88} = {53FC4BF0-2899-4B49-BF59-10B1BAB7BF88}
	EndProjectSection
EndProject
Project("{FAE04EC0-301F-11D3-BF4B-00C04F79EFBC}") = "LunamyLibrary", "..\LunamyLibrary\LunamyLibrary.csproj", "{53FC4BF0-2899-4B49-BF59-10B1BAB7BF88}"
EndProject
Global
	GlobalSection(SolutionConfigurationPlatforms) = preSolution
		Debug|Any CPU = Debug|Any CPU
		Release|Any CPU = Release|Any CPU
	EndGlobalSection
	GlobalSection(ProjectConfigurationPlatforms) = postSolution
		{6570EC17-6C2A-41F1-9F6D-35ED3EE3141B}.Debug|Any CPU.ActiveCfg = Debug|Any CPU
		{6570EC17-6C2A-41F1-9F6D-35ED3EE3141B}.Debug|Any CPU.Build.0 = Debug|Any CPU
		{6570EC17-6C2A-41F1-9F6D-35ED3EE3141B}.Release|Any CPU.ActiveCfg = Release|Any CPU
		{6570EC17-6C2A-41F1-9F6D-35ED3EE3141B}.Release|Any CPU.Build.0 = Release|Any CPU
		{53FC4BF0-2899-4B49-BF59-10B1BAB7BF88}.Debug|Any CPU.ActiveCfg = Debug|Any CPU
		{53FC4BF0-2899-4B49-BF59-10B1BAB7BF88}.Debug|Any CPU.Build.0 = Debug|Any CPU
		{53FC4BF0-2899-4B49-BF59-10B1BAB7BF88}.Release|Any CPU.ActiveCfg = Release|Any CPU
		{53FC4BF0-2899-4B49-BF59-10B1BAB7BF88}.Release|Any CPU.Build.0 = Release|Any CPU
	EndGlobalSection
	GlobalSection(SolutionProperties) = preSolution
		HideSolutionNode = FALSE
	EndGlobalSection
	GlobalSection(ExtensibilityGlobals) = postSolution
		SolutionGuid = {F33522A0-1F85-4A02-92B0-BC56CB889F21}
	EndGlobalSection
EndGlobal
